// !$*UTF8*$!
{
	archiveVersion = 1;
	classes = {
	};
	objectVersion = 77;
	objects = {

/* Begin PBXBuildFile section */
		124297EB6B78D57A58888F0C /* ScreenCapture.swift in Sources */ = {isa = PBXBuildFile; fileRef = F930C8715715A653D3E948A9 /* ScreenCapture.swift */; };
		1E41C82CF85A823406D6C8D6 /* ScreenshotOverlay.swift in Sources */ = {isa = PBXBuildFile; fileRef = 4C546E38CE8EADA9BC2B946E /* ScreenshotOverlay.swift */; };
		1F4EFADC3E075EAE45A6EF43 /* CropGeometry.swift in Sources */ = {isa = PBXBuildFile; fileRef = A34E64A5251DC7C7464EA77F /* CropGeometry.swift */; };
		25E23466CD6CB7341D52896F /* SettingsMenuPicker.swift in Sources */ = {isa = PBXBuildFile; fileRef = 7B76CEE7616F6A58C6560676 /* SettingsMenuPicker.swift */; };
		260AE1B0C08B0E1327D2DF25 /* Translator.swift in Sources */ = {isa = PBXBuildFile; fileRef = 4EE514A1DB319ECEECBD11D6 /* Translator.swift */; };
		28C9F2ED69BE3EE4308D1A1D /* EnoughBoxApp.swift in Sources */ = {isa = PBXBuildFile; fileRef = 8F36E3F1DF931390FA757F3A /* EnoughBoxApp.swift */; };
		3103A71F8E0AA548034A28B4 /* InputRecovery.swift in Sources */ = {isa = PBXBuildFile; fileRef = 01FE46A40A388AD246F749C5 /* InputRecovery.swift */; };
		33E5765256D3B926DA23D4D0 /* HotkeyCenter.swift in Sources */ = {isa = PBXBuildFile; fileRef = 6E505AD4E4312D4C01B58E38 /* HotkeyCenter.swift */; };
		380BC38145D7A1851ABEB894 /* MainView.swift in Sources */ = {isa = PBXBuildFile; fileRef = 9704745508B442108DF65CF7 /* MainView.swift */; };
		3B252953FA4637D5832036B6 /* TranslateTool.swift in Sources */ = {isa = PBXBuildFile; fileRef = 76FE9361E1B6C73CD9FF0C4E /* TranslateTool.swift */; };
		4128944B337F010EDEA647B9 /* ScreenshotMosaic.swift in Sources */ = {isa = PBXBuildFile; fileRef = 28C29C5E4257E1CDD2F79C6E /* ScreenshotMosaic.swift */; };
		46DF70774D7DB46B95026D79 /* ToolManager.swift in Sources */ = {isa = PBXBuildFile; fileRef = 73E3DEEA794027A64CD6CBE8 /* ToolManager.swift */; };
		4A7454D68468C9573AA34C73 /* Assets.xcassets in Resources */ = {isa = PBXBuildFile; fileRef = C8789202810DA85768E64FA7 /* Assets.xcassets */; };
		4B6D64409B89CD73E5D69CE6 /* ToolModels.swift in Sources */ = {isa = PBXBuildFile; fileRef = 01C5758E291DD9B1841DCA2A /* ToolModels.swift */; };
		4EC05B0EBE4900CC66185019 /* ToolCenterView.swift in Sources */ = {isa = PBXBuildFile; fileRef = 37D14F070EAC7A8DB9468625 /* ToolCenterView.swift */; };
		59C02E12DF1EEC71052AD777 /* DesignTokens+AppKit.swift in Sources */ = {isa = PBXBuildFile; fileRef = 7A9719AB838FCF7C96F308B9 /* DesignTokens+AppKit.swift */; };
		5E20D467C067D519F30321D0 /* ToolRegistry.swift in Sources */ = {isa = PBXBuildFile; fileRef = FECBD5A1083E8656811A832F /* ToolRegistry.swift */; };
		5F64E41DAACABAC2220533DB /* FloatingBanner.swift in Sources */ = {isa = PBXBuildFile; fileRef = E64C21170554FB94B7A3BFD4 /* FloatingBanner.swift */; };
		604D8B097BC90CC42490EE6A /* KeyboardShortcuts in Frameworks */ = {isa = PBXBuildFile; productRef = 13A24B873FA65BCCB6E801C3 /* KeyboardShortcuts */; };
		621917A894DCB54EE377E157 /* ToolDetailView.swift in Sources */ = {isa = PBXBuildFile; fileRef = CEF495582C9BFB2CA05DC64B /* ToolDetailView.swift */; };
		621E8609D681721BE09E1CA8 /* AppearanceManager.swift in Sources */ = {isa = PBXBuildFile; fileRef = 9310CF80D6394B6335D68306 /* AppearanceManager.swift */; };
		6515F98D85F95D465DE580A7 /* HostWindowFocus.swift in Sources */ = {isa = PBXBuildFile; fileRef = 4AED9185A036C1C201DD9130 /* HostWindowFocus.swift */; };
		72358958B8EBDA22CBA76FBE /* ScreenshotTool.swift in Sources */ = {isa = PBXBuildFile; fileRef = B8370BBAD0FEEF3FFC391DA3 /* ScreenshotTool.swift */; };
		83D841C043F334BACE14CA9B /* EmptyStateView.swift in Sources */ = {isa = PBXBuildFile; fileRef = 20D4F8A95FC0E6F624CAE2D9 /* EmptyStateView.swift */; };
		8727C6B90AA5802624DF76B8 /* ScreenshotOCRResultPanel.swift in Sources */ = {isa = PBXBuildFile; fileRef = 3F2C6A56FE0705445AAB519B /* ScreenshotOCRResultPanel.swift */; };
		8B2721D27BBCA95BB04213A7 /* ScreenshotPin.swift in Sources */ = {isa = PBXBuildFile; fileRef = EDDC78515BD7BABFC248986C /* ScreenshotPin.swift */; };
		91AF53F228F579881F28BB2B /* DesignTokens.swift in Sources */ = {isa = PBXBuildFile; fileRef = 11F132A4E6E47759F5683FA8 /* DesignTokens.swift */; };
		9D39EB8ACCB0A1F606CF387C /* DeepSeekTranslator.swift in Sources */ = {isa = PBXBuildFile; fileRef = E2ED94DCA5F2CE554FDF5E07 /* DeepSeekTranslator.swift */; };
		9D61841BFBE1CFC6C59525DE /* ToolToggleButton.swift in Sources */ = {isa = PBXBuildFile; fileRef = 14C269FA1FD0194F652CAABB /* ToolToggleButton.swift */; };
		9F589EB4AFC0ECFCCDCDD1B7 /* PressScaleButtonStyle.swift in Sources */ = {isa = PBXBuildFile; fileRef = B4E754D388D917256B2452D4 /* PressScaleButtonStyle.swift */; };
		A3A46C8C570BDE24A266E1CA /* SettingsControlMetrics.swift in Sources */ = {isa = PBXBuildFile; fileRef = 65F87ED40E4F7C018ACE437D /* SettingsControlMetrics.swift */; };
		A578552C79CDB7774F38AAA0 /* ScreenshotCenterToast.swift in Sources */ = {isa = PBXBuildFile; fileRef = 86E1B05429EF4CCD61A9F25E /* ScreenshotCenterToast.swift */; };
		ACCADF8A7DB3AA3508940D25 /* ScreenshotGeometry.swift in Sources */ = {isa = PBXBuildFile; fileRef = 96DEEDEE73F1E1A55828F09F /* ScreenshotGeometry.swift */; };
		B4570B6FEF37DE9A2E92487A /* AppState.swift in Sources */ = {isa = PBXBuildFile; fileRef = 2E798AA90D4ECE990344C323 /* AppState.swift */; };
		B695927C48B9EB1ED80AF2FB /* TranslationPanel.swift in Sources */ = {isa = PBXBuildFile; fileRef = 7BF25D8EFD48AABA211A16FA /* TranslationPanel.swift */; };
		BA3C78584A708ACE7F43C773 /* ScreenshotCapturePolicy.swift in Sources */ = {isa = PBXBuildFile; fileRef = AE131292BBC87EB9A4ACE293 /* ScreenshotCapturePolicy.swift */; };
		BA6F1A0D0DA29688E644415E /* SelectionCapture.swift in Sources */ = {isa = PBXBuildFile; fileRef = 7134855C14460D4F364127DF /* SelectionCapture.swift */; };
		BD0B807854E51729B61C2C92 /* SettingsTrailingRow.swift in Sources */ = {isa = PBXBuildFile; fileRef = 8957EBCDFDF293B1AF4706B1 /* SettingsTrailingRow.swift */; };
		BD0C7CEA6BDCFFA52B7E941C /* YoudaoTranslator.swift in Sources */ = {isa = PBXBuildFile; fileRef = E87D5AA12725A1A39F4C3729 /* YoudaoTranslator.swift */; };
		C7AC25CD4296F376687F0FBC /* UIStrings.swift in Sources */ = {isa = PBXBuildFile; fileRef = 73BC34BD0610838C32FA4A4D /* UIStrings.swift */; };
		CDF06785774E0298440C8CA9 /* AppPaths.swift in Sources */ = {isa = PBXBuildFile; fileRef = 1E332521763E4DEB27F1F241 /* AppPaths.swift */; };
		DCB529BC069B942C9AD53E1C /* ShortcutSettingsViewController.swift in Sources */ = {isa = PBXBuildFile; fileRef = B4AACB91BDE6536D0F957C13 /* ShortcutSettingsViewController.swift */; };
		E16641AF78743B5B57D11A41 /* ScreenshotOCR.swift in Sources */ = {isa = PBXBuildFile; fileRef = D8CF3930BDD24F9AB878C4AF /* ScreenshotOCR.swift */; };
		F388ADD80A9428352261C67E /* ShortcutRecorderField.swift in Sources */ = {isa = PBXBuildFile; fileRef = B0842B672B213124ACF3D0C9 /* ShortcutRecorderField.swift */; };
/* End PBXBuildFile section */

/* Begin PBXFileReference section */
		01C5758E291DD9B1841DCA2A /* ToolModels.swift */ = {isa = PBXFileReference; lastKnownFileType = sourcecode.swift; path = ToolModels.swift; sourceTree = "<group>"; };
		01FE46A40A388AD246F749C5 /* InputRecovery.swift */ = {isa = PBXFileReference; lastKnownFileType = sourcecode.swift; path = InputRecovery.swift; sourceTree = "<group>"; };
		11F132A4E6E47759F5683FA8 /* DesignTokens.swift */ = {isa = PBXFileReference; lastKnownFileType = sourcecode.swift; path = DesignTokens.swift; sourceTree = "<group>"; };
		14C269FA1FD0194F652CAABB /* ToolToggleButton.swift */ = {isa = PBXFileReference; lastKnownFileType = sourcecode.swift; path = ToolToggleButton.swift; sourceTree = "<group>"; };
		1E332521763E4DEB27F1F241 /* AppPaths.swift */ = {isa = PBXFileReference; lastKnownFileType = sourcecode.swift; path = AppPaths.swift; sourceTree = "<group>"; };
		20D4F8A95FC0E6F624CAE2D9 /* EmptyStateView.swift */ = {isa = PBXFileReference; lastKnownFileType = sourcecode.swift; path = EmptyStateView.swift; sourceTree = "<group>"; };
		28C29C5E4257E1CDD2F79C6E /* ScreenshotMosaic.swift */ = {isa = PBXFileReference; lastKnownFileType = sourcecode.swift; path = ScreenshotMosaic.swift; sourceTree = "<group>"; };
		2ACA6E86E67229F1AB53A0DE /* EnoughBox.entitlements */ = {isa = PBXFileReference; lastKnownFileType = text.plist.entitlements; path = EnoughBox.entitlements; sourceTree = "<group>"; };
		2E798AA90D4ECE990344C323 /* AppState.swift */ = {isa = PBXFileReference; lastKnownFileType = sourcecode.swift; path = AppState.swift; sourceTree = "<group>"; };
		37D14F070EAC7A8DB9468625 /* ToolCenterView.swift */ = {isa = PBXFileReference; lastKnownFileType = sourcecode.swift; path = ToolCenterView.swift; sourceTree = "<group>"; };
		3F2C6A56FE0705445AAB519B /* ScreenshotOCRResultPanel.swift */ = {isa = PBXFileReference; lastKnownFileType = sourcecode.swift; path = ScreenshotOCRResultPanel.swift; sourceTree = "<group>"; };
		4AED9185A036C1C201DD9130 /* HostWindowFocus.swift */ = {isa = PBXFileReference; lastKnownFileType = sourcecode.swift; path = HostWindowFocus.swift; sourceTree = "<group>"; };
		4C546E38CE8EADA9BC2B946E /* ScreenshotOverlay.swift */ = {isa = PBXFileReference; lastKnownFileType = sourcecode.swift; path = ScreenshotOverlay.swift; sourceTree = "<group>"; };
		4EE514A1DB319ECEECBD11D6 /* Translator.swift */ = {isa = PBXFileReference; lastKnownFileType = sourcecode.swift; path = Translator.swift; sourceTree = "<group>"; };
		65F87ED40E4F7C018ACE437D /* SettingsControlMetrics.swift */ = {isa = PBXFileReference; lastKnownFileType = sourcecode.swift; path = SettingsControlMetrics.swift; sourceTree = "<group>"; };
		6E505AD4E4312D4C01B58E38 /* HotkeyCenter.swift */ = {isa = PBXFileReference; lastKnownFileType = sourcecode.swift; path = HotkeyCenter.swift; sourceTree = "<group>"; };
		7134855C14460D4F364127DF /* SelectionCapture.swift */ = {isa = PBXFileReference; lastKnownFileType = sourcecode.swift; path = SelectionCapture.swift; sourceTree = "<group>"; };
		73BC34BD0610838C32FA4A4D /* UIStrings.swift */ = {isa = PBXFileReference; lastKnownFileType = sourcecode.swift; path = UIStrings.swift; sourceTree = "<group>"; };
		73E3DEEA794027A64CD6CBE8 /* ToolManager.swift */ = {isa = PBXFileReference; lastKnownFileType = sourcecode.swift; path = ToolManager.swift; sourceTree = "<group>"; };
		76FE9361E1B6C73CD9FF0C4E /* TranslateTool.swift */ = {isa = PBXFileReference; lastKnownFileType = sourcecode.swift; path = TranslateTool.swift; sourceTree = "<group>"; };
		7A9719AB838FCF7C96F308B9 /* DesignTokens+AppKit.swift */ = {isa = PBXFileReference; lastKnownFileType = sourcecode.swift; path = "DesignTokens+AppKit.swift"; sourceTree = "<group>"; };
		7B76CEE7616F6A58C6560676 /* SettingsMenuPicker.swift */ = {isa = PBXFileReference; lastKnownFileType = sourcecode.swift; path = SettingsMenuPicker.swift; sourceTree = "<group>"; };
		7BF25D8EFD48AABA211A16FA /* TranslationPanel.swift */ = {isa = PBXFileReference; lastKnownFileType = sourcecode.swift; path = TranslationPanel.swift; sourceTree = "<group>"; };
		86E1B05429EF4CCD61A9F25E /* ScreenshotCenterToast.swift */ = {isa = PBXFileReference; lastKnownFileType = sourcecode.swift; path = ScreenshotCenterToast.swift; sourceTree = "<group>"; };
		8957EBCDFDF293B1AF4706B1 /* SettingsTrailingRow.swift */ = {isa = PBXFileReference; lastKnownFileType = sourcecode.swift; path = SettingsTrailingRow.swift; sourceTree = "<group>"; };
		8F36E3F1DF931390FA757F3A /* EnoughBoxApp.swift */ = {isa = PBXFileReference; lastKnownFileType = sourcecode.swift; path = EnoughBoxApp.swift; sourceTree = "<group>"; };
		9310CF80D6394B6335D68306 /* AppearanceManager.swift */ = {isa = PBXFileReference; lastKnownFileType = sourcecode.swift; path = AppearanceManager.swift; sourceTree = "<group>"; };
		96DEEDEE73F1E1A55828F09F /* ScreenshotGeometry.swift */ = {isa = PBXFileReference; lastKnownFileType = sourcecode.swift; path = ScreenshotGeometry.swift; sourceTree = "<group>"; };
		9704745508B442108DF65CF7 /* MainView.swift */ = {isa = PBXFileReference; lastKnownFileType = sourcecode.swift; path = MainView.swift; sourceTree = "<group>"; };
		A34E64A5251DC7C7464EA77F /* CropGeometry.swift */ = {isa = PBXFileReference; lastKnownFileType = sourcecode.swift; path = CropGeometry.swift; sourceTree = "<group>"; };
		AE131292BBC87EB9A4ACE293 /* ScreenshotCapturePolicy.swift */ = {isa = PBXFileReference; lastKnownFileType = sourcecode.swift; path = ScreenshotCapturePolicy.swift; sourceTree = "<group>"; };
		B0842B672B213124ACF3D0C9 /* ShortcutRecorderField.swift */ = {isa = PBXFileReference; lastKnownFileType = sourcecode.swift; path = ShortcutRecorderField.swift; sourceTree = "<group>"; };
		B3414FF930E6A99F676C21DB /* EnoughBox.app */ = {isa = PBXFileReference; explicitFileType = wrapper.application; includeInIndex = 0; path = EnoughBox.app; sourceTree = BUILT_PRODUCTS_DIR; };
		B4AACB91BDE6536D0F957C13 /* ShortcutSettingsViewController.swift */ = {isa = PBXFileReference; lastKnownFileType = sourcecode.swift; path = ShortcutSettingsViewController.swift; sourceTree = "<group>"; };
		B4E754D388D917256B2452D4 /* PressScaleButtonStyle.swift */ = {isa = PBXFileReference; lastKnownFileType = sourcecode.swift; path = PressScaleButtonStyle.swift; sourceTree = "<group>"; };
		B8370BBAD0FEEF3FFC391DA3 /* ScreenshotTool.swift */ = {isa = PBXFileReference; lastKnownFileType = sourcecode.swift; path = ScreenshotTool.swift; sourceTree = "<group>"; };
		C8789202810DA85768E64FA7 /* Assets.xcassets */ = {isa = PBXFileReference; lastKnownFileType = folder.assetcatalog; path = Assets.xcassets; sourceTree = "<group>"; };
		CEF495582C9BFB2CA05DC64B /* ToolDetailView.swift */ = {isa = PBXFileReference; lastKnownFileType = sourcecode.swift; path = ToolDetailView.swift; sourceTree = "<group>"; };
		D8CF3930BDD24F9AB878C4AF /* ScreenshotOCR.swift */ = {isa = PBXFileReference; lastKnownFileType = sourcecode.swift; path = ScreenshotOCR.swift; sourceTree = "<group>"; };
		E2ED94DCA5F2CE554FDF5E07 /* DeepSeekTranslator.swift */ = {isa = PBXFileReference; lastKnownFileType = sourcecode.swift; path = DeepSeekTranslator.swift; sourceTree = "<group>"; };
		E64C21170554FB94B7A3BFD4 /* FloatingBanner.swift */ = {isa = PBXFileReference; lastKnownFileType = sourcecode.swift; path = FloatingBanner.swift; sourceTree = "<group>"; };
		E87D5AA12725A1A39F4C3729 /* YoudaoTranslator.swift */ = {isa = PBXFileReference; lastKnownFileType = sourcecode.swift; path = YoudaoTranslator.swift; sourceTree = "<group>"; };
		EDDC78515BD7BABFC248986C /* ScreenshotPin.swift */ = {isa = PBXFileReference; lastKnownFileType = sourcecode.swift; path = ScreenshotPin.swift; sourceTree = "<group>"; };
		F930C8715715A653D3E948A9 /* ScreenCapture.swift */ = {isa = PBXFileReference; lastKnownFileType = sourcecode.swift; path = ScreenCapture.swift; sourceTree = "<group>"; };
		FECBD5A1083E8656811A832F /* ToolRegistry.swift */ = {isa = PBXFileReference; lastKnownFileType = sourcecode.swift; path = ToolRegistry.swift; sourceTree = "<group>"; };
/* End PBXFileReference section */

/* Begin PBXFrameworksBuildPhase section */
		3B43A9CA8ABF3A5F96C0EB2E /* Frameworks */ = {
			isa = PBXFrameworksBuildPhase;
			buildActionMask = 2147483647;
			files = (
				604D8B097BC90CC42490EE6A /* KeyboardShortcuts in Frameworks */,
			);
			runOnlyForDeploymentPostprocessing = 0;
		};
/* End PBXFrameworksBuildPhase section */

/* Begin PBXGroup section */
		052FC5E3020C3D9293C27D1F /* Services */ = {
			isa = PBXGroup;
			children = (
				1E332521763E4DEB27F1F241 /* AppPaths.swift */,
				73E3DEEA794027A64CD6CBE8 /* ToolManager.swift */,
				0627D76F7396B9B6A0C7F89F /* HostServices */,
				B6041ED85B85832FA647D746 /* HotkeyCenter */,
				158B6B06CF81ACB05BCE5034 /* Tools */,
			);
			path = Services;
			sourceTree = "<group>";
		};
		0627D76F7396B9B6A0C7F89F /* HostServices */ = {
			isa = PBXGroup;
			children = (
				A34E64A5251DC7C7464EA77F /* CropGeometry.swift */,
				4AED9185A036C1C201DD9130 /* HostWindowFocus.swift */,
				01FE46A40A388AD246F749C5 /* InputRecovery.swift */,
				F930C8715715A653D3E948A9 /* ScreenCapture.swift */,
				AE131292BBC87EB9A4ACE293 /* ScreenshotCapturePolicy.swift */,
				96DEEDEE73F1E1A55828F09F /* ScreenshotGeometry.swift */,
				7134855C14460D4F364127DF /* SelectionCapture.swift */,
			);
			path = HostServices;
			sourceTree = "<group>";
		};
		083908293E76A762F10D74D7 /* ToolCenter */ = {
			isa = PBXGroup;
			children = (
				37D14F070EAC7A8DB9468625 /* ToolCenterView.swift */,
				14C269FA1FD0194F652CAABB /* ToolToggleButton.swift */,
			);
			path = ToolCenter;
			sourceTree = "<group>";
		};
		158B6B06CF81ACB05BCE5034 /* Tools */ = {
			isa = PBXGroup;
			children = (
				FECBD5A1083E8656811A832F /* ToolRegistry.swift */,
			);
			path = Tools;
			sourceTree = "<group>";
		};
		28B9473C0637D7E91F5C0783 /* Products */ = {
			isa = PBXGroup;
			children = (
				B3414FF930E6A99F676C21DB /* EnoughBox.app */,
			);
			name = Products;
			sourceTree = "<group>";
		};
		2C29CED39767808F2F675CB3 /* Models */ = {
			isa = PBXGroup;
			children = (
				01C5758E291DD9B1841DCA2A /* ToolModels.swift */,
			);
			path = Models;
			sourceTree = "<group>";
		};
		4FACDAE2404CD342A907DCEF /* Screenshot */ = {
			isa = PBXGroup;
			children = (
				86E1B05429EF4CCD61A9F25E /* ScreenshotCenterToast.swift */,
				28C29C5E4257E1CDD2F79C6E /* ScreenshotMosaic.swift */,
				D8CF3930BDD24F9AB878C4AF /* ScreenshotOCR.swift */,
				3F2C6A56FE0705445AAB519B /* ScreenshotOCRResultPanel.swift */,
				4C546E38CE8EADA9BC2B946E /* ScreenshotOverlay.swift */,
				EDDC78515BD7BABFC248986C /* ScreenshotPin.swift */,
				B8370BBAD0FEEF3FFC391DA3 /* ScreenshotTool.swift */,
			);
			path = Screenshot;
			sourceTree = "<group>";
		};
		6189780E7AEFE841634B341A /* Main */ = {
			isa = PBXGroup;
			children = (
				9704745508B442108DF65CF7 /* MainView.swift */,
			);
			path = Main;
			sourceTree = "<group>";
		};
		6557732E3A40E61B614D10DF /* App */ = {
			isa = PBXGroup;
			children = (
				2E798AA90D4ECE990344C323 /* AppState.swift */,
			);
			path = App;
			sourceTree = "<group>";
		};
		6D2A84BF540D9D35DE170CBC /* SettingsPane */ = {
			isa = PBXGroup;
			children = (
				65F87ED40E4F7C018ACE437D /* SettingsControlMetrics.swift */,
				7B76CEE7616F6A58C6560676 /* SettingsMenuPicker.swift */,
				8957EBCDFDF293B1AF4706B1 /* SettingsTrailingRow.swift */,
				B0842B672B213124ACF3D0C9 /* ShortcutRecorderField.swift */,
				B4AACB91BDE6536D0F957C13 /* ShortcutSettingsViewController.swift */,
			);
			path = SettingsPane;
			sourceTree = "<group>";
		};
		742D4E826DE74962654C9B62 /* Features */ = {
			isa = PBXGroup;
			children = (
				D7180B83AA62C93FA41E1B7D /* EmptyState */,
				6189780E7AEFE841634B341A /* Main */,
				4FACDAE2404CD342A907DCEF /* Screenshot */,
				6D2A84BF540D9D35DE170CBC /* SettingsPane */,
				083908293E76A762F10D74D7 /* ToolCenter */,
				ECAA72AA49241462FC195E1A /* ToolDetail */,
				A302DFB6B64DD1DA7D76CA01 /* Translate */,
			);
			path = Features;
			sourceTree = "<group>";
		};
		A302DFB6B64DD1DA7D76CA01 /* Translate */ = {
			isa = PBXGroup;
			children = (
				E2ED94DCA5F2CE554FDF5E07 /* DeepSeekTranslator.swift */,
				76FE9361E1B6C73CD9FF0C4E /* TranslateTool.swift */,
				7BF25D8EFD48AABA211A16FA /* TranslationPanel.swift */,
				4EE514A1DB319ECEECBD11D6 /* Translator.swift */,
				E87D5AA12725A1A39F4C3729 /* YoudaoTranslator.swift */,
			);
			path = Translate;
			sourceTree = "<group>";
		};
		B6041ED85B85832FA647D746 /* HotkeyCenter */ = {
			isa = PBXGroup;
			children = (
				6E505AD4E4312D4C01B58E38 /* HotkeyCenter.swift */,
			);
			path = HotkeyCenter;
			sourceTree = "<group>";
		};
		BB19F94EA5E00F6D40BB9E87 /* Design */ = {
			isa = PBXGroup;
			children = (
				9310CF80D6394B6335D68306 /* AppearanceManager.swift */,
				11F132A4E6E47759F5683FA8 /* DesignTokens.swift */,
				7A9719AB838FCF7C96F308B9 /* DesignTokens+AppKit.swift */,
				E64C21170554FB94B7A3BFD4 /* FloatingBanner.swift */,
				B4E754D388D917256B2452D4 /* PressScaleButtonStyle.swift */,
			);
			path = Design;
			sourceTree = "<group>";
		};
		C724369BC42A068D52BB7DE6 /* Resources */ = {
			isa = PBXGroup;
			children = (
				C8789202810DA85768E64FA7 /* Assets.xcassets */,
			);
			path = Resources;
			sourceTree = "<group>";
		};
		CDB60DDC1F2F177AD6E06695 /* EnoughBox */ = {
			isa = PBXGroup;
			children = (
				2ACA6E86E67229F1AB53A0DE /* EnoughBox.entitlements */,
				8F36E3F1DF931390FA757F3A /* EnoughBoxApp.swift */,
				73BC34BD0610838C32FA4A4D /* UIStrings.swift */,
				6557732E3A40E61B614D10DF /* App */,
				BB19F94EA5E00F6D40BB9E87 /* Design */,
				742D4E826DE74962654C9B62 /* Features */,
				2C29CED39767808F2F675CB3 /* Models */,
				C724369BC42A068D52BB7DE6 /* Resources */,
				052FC5E3020C3D9293C27D1F /* Services */,
			);
			path = EnoughBox;
			sourceTree = "<group>";
		};
		D7180B83AA62C93FA41E1B7D /* EmptyState */ = {
			isa = PBXGroup;
			children = (
				20D4F8A95FC0E6F624CAE2D9 /* EmptyStateView.swift */,
			);
			path = EmptyState;
			sourceTree = "<group>";
		};
		ECAA72AA49241462FC195E1A /* ToolDetail */ = {
			isa = PBXGroup;
			children = (
				CEF495582C9BFB2CA05DC64B /* ToolDetailView.swift */,
			);
			path = ToolDetail;
			sourceTree = "<group>";
		};
		FBA80E53B8010B18211476F6 = {
			isa = PBXGroup;
			children = (
				CDB60DDC1F2F177AD6E06695 /* EnoughBox */,
				28B9473C0637D7E91F5C0783 /* Products */,
			);
			sourceTree = "<group>";
		};
/* End PBXGroup section */

/* Begin PBXNativeTarget section */
		CE660CBFAF1C528F6FFAE9AD /* EnoughBox */ = {
			isa = PBXNativeTarget;
			buildConfigurationList = 2A74D7219BE79BDC56147AF8 /* Build configuration list for PBXNativeTarget "EnoughBox" */;
			buildPhases = (
				DA351734ABFF26014781BB12 /* Sources */,
				40854472B8E8F0141CE48B11 /* Resources */,
				3B43A9CA8ABF3A5F96C0EB2E /* Frameworks */,
			);
			buildRules = (
			);
			dependencies = (
			);
			name = EnoughBox;
			packageProductDependencies = (
				13A24B873FA65BCCB6E801C3 /* KeyboardShortcuts */,
			);
			productName = EnoughBox;
			productReference = B3414FF930E6A99F676C21DB /* EnoughBox.app */;
			productType = "com.apple.product-type.application";
		};
/* End PBXNativeTarget section */

/* Begin PBXProject section */
		80498AF53C921366B4FC032D /* Project object */ = {
			isa = PBXProject;
			attributes = {
				BuildIndependentTargetsInParallel = YES;
				LastUpgradeCheck = 1430;
				TargetAttributes = {
					CE660CBFAF1C528F6FFAE9AD = {
						DevelopmentTeam = VA9NZV3TUY;
						ProvisioningStyle = Automatic;
					};
				};
			};
			buildConfigurationList = 47F243947EE141DACE55A8BD /* Build configuration list for PBXProject "EnoughBox" */;
			developmentRegion = "zh-Hans";
			hasScannedForEncodings = 0;
			knownRegions = (
				Base,
				"zh-Hans",
			);
			mainGroup = FBA80E53B8010B18211476F6;
			minimizedProjectReferenceProxies = 1;
			packageReferences = (
				62B8129A171C7D3964DBE560 /* XCRemoteSwiftPackageReference "KeyboardShortcuts" */,
			);
			preferredProjectObjectVersion = 77;
			productRefGroup = 28B9473C0637D7E91F5C0783 /* Products */;
			projectDirPath = "";
			projectRoot = "";
			targets = (
				CE660CBFAF1C528F6FFAE9AD /* EnoughBox */,
			);
		};
/* End PBXProject section */

/* Begin PBXResourcesBuildPhase section */
		40854472B8E8F0141CE48B11 /* Resources */ = {
			isa = PBXResourcesBuildPhase;
			buildActionMask = 2147483647;
			files = (
				4A7454D68468C9573AA34C73 /* Assets.xcassets in Resources */,
			);
			runOnlyForDeploymentPostprocessing = 0;
		};
/* End PBXResourcesBuildPhase section */

/* Begin PBXSourcesBuildPhase section */
		DA351734ABFF26014781BB12 /* Sources */ = {
			isa = PBXSourcesBuildPhase;
			buildActionMask = 2147483647;
			files = (
				CDF06785774E0298440C8CA9 /* AppPaths.swift in Sources */,
				B4570B6FEF37DE9A2E92487A /* AppState.swift in Sources */,
				621E8609D681721BE09E1CA8 /* AppearanceManager.swift in Sources */,
				1F4EFADC3E075EAE45A6EF43 /* CropGeometry.swift in Sources */,
				9D39EB8ACCB0A1F606CF387C /* DeepSeekTranslator.swift in Sources */,
				59C02E12DF1EEC71052AD777 /* DesignTokens+AppKit.swift in Sources */,
				91AF53F228F579881F28BB2B /* DesignTokens.swift in Sources */,
				83D841C043F334BACE14CA9B /* EmptyStateView.swift in Sources */,
				28C9F2ED69BE3EE4308D1A1D /* EnoughBoxApp.swift in Sources */,
				5F64E41DAACABAC2220533DB /* FloatingBanner.swift in Sources */,
				6515F98D85F95D465DE580A7 /* HostWindowFocus.swift in Sources */,
				33E5765256D3B926DA23D4D0 /* HotkeyCenter.swift in Sources */,
				3103A71F8E0AA548034A28B4 /* InputRecovery.swift in Sources */,
				380BC38145D7A1851ABEB894 /* MainView.swift in Sources */,
				9F589EB4AFC0ECFCCDCDD1B7 /* PressScaleButtonStyle.swift in Sources */,
				124297EB6B78D57A58888F0C /* ScreenCapture.swift in Sources */,
				BA3C78584A708ACE7F43C773 /* ScreenshotCapturePolicy.swift in Sources */,
				A578552C79CDB7774F38AAA0 /* ScreenshotCenterToast.swift in Sources */,
				ACCADF8A7DB3AA3508940D25 /* ScreenshotGeometry.swift in Sources */,
				4128944B337F010EDEA647B9 /* ScreenshotMosaic.swift in Sources */,
				E16641AF78743B5B57D11A41 /* ScreenshotOCR.swift in Sources */,
				8727C6B90AA5802624DF76B8 /* ScreenshotOCRResultPanel.swift in Sources */,
				1E41C82CF85A823406D6C8D6 /* ScreenshotOverlay.swift in Sources */,
				8B2721D27BBCA95BB04213A7 /* ScreenshotPin.swift in Sources */,
				72358958B8EBDA22CBA76FBE /* ScreenshotTool.swift in Sources */,
				BA6F1A0D0DA29688E644415E /* SelectionCapture.swift in Sources */,
				A3A46C8C570BDE24A266E1CA /* SettingsControlMetrics.swift in Sources */,
				25E23466CD6CB7341D52896F /* SettingsMenuPicker.swift in Sources */,
				BD0B807854E51729B61C2C92 /* SettingsTrailingRow.swift in Sources */,
				F388ADD80A9428352261C67E /* ShortcutRecorderField.swift in Sources */,
				DCB529BC069B942C9AD53E1C /* ShortcutSettingsViewController.swift in Sources */,
				4EC05B0EBE4900CC66185019 /* ToolCenterView.swift in Sources */,
				621917A894DCB54EE377E157 /* ToolDetailView.swift in Sources */,
				46DF70774D7DB46B95026D79 /* ToolManager.swift in Sources */,
				4B6D64409B89CD73E5D69CE6 /* ToolModels.swift in Sources */,
				5E20D467C067D519F30321D0 /* ToolRegistry.swift in Sources */,
				9D61841BFBE1CFC6C59525DE /* ToolToggleButton.swift in Sources */,
				3B252953FA4637D5832036B6 /* TranslateTool.swift in Sources */,
				B695927C48B9EB1ED80AF2FB /* TranslationPanel.swift in Sources */,
				260AE1B0C08B0E1327D2DF25 /* Translator.swift in Sources */,
				C7AC25CD4296F376687F0FBC /* UIStrings.swift in Sources */,
				BD0C7CEA6BDCFFA52B7E941C /* YoudaoTranslator.swift in Sources */,
			);
			runOnlyForDeploymentPostprocessing = 0;
		};
/* End PBXSourcesBuildPhase section */

/* Begin XCBuildConfiguration section */
		2646FF215D805EE30B3393CD /* Debug */ = {
			isa = XCBuildConfiguration;
			buildSettings = {
				ASSETCATALOG_COMPILER_APPICON_NAME = AppIcon;
				CODE_SIGN_ENTITLEMENTS = EnoughBox/EnoughBox.entitlements;
				CODE_SIGN_STYLE = Automatic;
				COMBINE_HIDPI_IMAGES = YES;
				CURRENT_PROJECT_VERSION = 1;
				DEVELOPMENT_TEAM = VA9NZV3TUY;
				ENABLE_HARDENED_RUNTIME = NO;
				GENERATE_INFOPLIST_FILE = YES;
				INFOPLIST_KEY_CFBundleDisplayName = EnoughBox;
				INFOPLIST_KEY_LSMinimumSystemVersion = "$(MACOSX_DEPLOYMENT_TARGET)";
				INFOPLIST_KEY_NSAccessibilityUsageDescription = "EnoughBox reads selected text so tools can translate it.";
				INFOPLIST_KEY_NSAppleEventsUsageDescription = "EnoughBox uses System Events to copy selected text for tools.";
				INFOPLIST_KEY_NSHumanReadableCopyright = "";
				INFOPLIST_KEY_NSScreenCaptureUsageDescription = "EnoughBox captures a screen region so you can copy, save, or pin a screenshot.";
				LD_RUNPATH_SEARCH_PATHS = (
					"$(inherited)",
					"@executable_path/../Frameworks",
				);
				MACOSX_DEPLOYMENT_TARGET = 14.0;
				MARKETING_VERSION = 0.1.0;
				PRODUCT_BUNDLE_IDENTIFIER = com.enoughbox.app;
				PRODUCT_NAME = EnoughBox;
				SDKROOT = macosx;
				SWIFT_EMIT_LOC_STRINGS = NO;
				SWIFT_VERSION = 5.9;
			};
			name = Debug;
		};
		549EC4D5C952F5DA660B3D98 /* Release */ = {
			isa = XCBuildConfiguration;
			buildSettings = {
				ASSETCATALOG_COMPILER_APPICON_NAME = AppIcon;
				CODE_SIGN_ENTITLEMENTS = EnoughBox/EnoughBox.entitlements;
				CODE_SIGN_STYLE = Automatic;
				COMBINE_HIDPI_IMAGES = YES;
				CURRENT_PROJECT_VERSION = 1;
				DEVELOPMENT_TEAM = VA9NZV3TUY;
				ENABLE_HARDENED_RUNTIME = YES;
				GENERATE_INFOPLIST_FILE = YES;
				INFOPLIST_KEY_CFBundleDisplayName = EnoughBox;
				INFOPLIST_KEY_LSMinimumSystemVersion = "$(MACOSX_DEPLOYMENT_TARGET)";
				INFOPLIST_KEY_NSAccessibilityUsageDescription = "EnoughBox reads selected text so tools can translate it.";
				INFOPLIST_KEY_NSAppleEventsUsageDescription = "EnoughBox uses System Events to copy selected text for tools.";
				INFOPLIST_KEY_NSHumanReadableCopyright = "";
				INFOPLIST_KEY_NSScreenCaptureUsageDescription = "EnoughBox captures a screen region so you can copy, save, or pin a screenshot.";
				LD_RUNPATH_SEARCH_PATHS = (
					"$(inherited)",
					"@executable_path/../Frameworks",
				);
				MACOSX_DEPLOYMENT_TARGET = 14.0;
				MARKETING_VERSION = 0.1.0;
				PRODUCT_BUNDLE_IDENTIFIER = com.enoughbox.app;
				PRODUCT_NAME = EnoughBox;
				SDKROOT = macosx;
				SWIFT_EMIT_LOC_STRINGS = NO;
				SWIFT_VERSION = 5.9;
			};
			name = Release;
		};
		9AE8D0360059F0414B7BC125 /* Debug */ = {
			isa = XCBuildConfiguration;
			buildSettings = {
				ALWAYS_SEARCH_USER_PATHS = NO;
				CLANG_ANALYZER_NONNULL = YES;
				CLANG_ANALYZER_NUMBER_OBJECT_CONVERSION = YES_AGGRESSIVE;
				CLANG_CXX_LANGUAGE_STANDARD = "gnu++14";
				CLANG_CXX_LIBRARY = "libc++";
				CLANG_ENABLE_MODULES = YES;
				CLANG_ENABLE_OBJC_ARC = YES;
				CLANG_ENABLE_OBJC_WEAK = YES;
				CLANG_WARN_BLOCK_CAPTURE_AUTORELEASING = YES;
				CLANG_WARN_BOOL_CONVERSION = YES;
				CLANG_WARN_COMMA = YES;
				CLANG_WARN_CONSTANT_CONVERSION = YES;
				CLANG_WARN_DEPRECATED_OBJC_IMPLEMENTATIONS = YES;
				CLANG_WARN_DIRECT_OBJC_ISA_USAGE = YES_ERROR;
				CLANG_WARN_DOCUMENTATION_COMMENTS = YES;
				CLANG_WARN_EMPTY_BODY = YES;
				CLANG_WARN_ENUM_CONVERSION = YES;
				CLANG_WARN_INFINITE_RECURSION = YES;
				CLANG_WARN_INT_CONVERSION = YES;
				CLANG_WARN_NON_LITERAL_NULL_CONVERSION = YES;
				CLANG_WARN_OBJC_IMPLICIT_RETAIN_SELF = YES;
				CLANG_WARN_OBJC_LITERAL_CONVERSION = YES;
				CLANG_WARN_OBJC_ROOT_CLASS = YES_ERROR;
				CLANG_WARN_QUOTED_INCLUDE_IN_FRAMEWORK_HEADER = YES;
				CLANG_WARN_RANGE_LOOP_ANALYSIS = YES;
				CLANG_WARN_STRICT_PROTOTYPES = YES;
				CLANG_WARN_SUSPICIOUS_MOVE = YES;
				CLANG_WARN_UNGUARDED_AVAILABILITY = YES_AGGRESSIVE;
				CLANG_WARN_UNREACHABLE_CODE = YES;
				CLANG_WARN__DUPLICATE_METHOD_MATCH = YES;
				COPY_PHASE_STRIP = NO;
				DEBUG_INFORMATION_FORMAT = dwarf;
				ENABLE_STRICT_OBJC_MSGSEND = YES;
				ENABLE_TESTABILITY = YES;
				GCC_C_LANGUAGE_STANDARD = gnu11;
				GCC_DYNAMIC_NO_PIC = NO;
				GCC_NO_COMMON_BLOCKS = YES;
				GCC_OPTIMIZATION_LEVEL = 0;
				GCC_PREPROCESSOR_DEFINITIONS = (
					"$(inherited)",
					"DEBUG=1",
				);
				GCC_WARN_64_TO_32_BIT_CONVERSION = YES;
				GCC_WARN_ABOUT_RETURN_TYPE = YES_ERROR;
				GCC_WARN_UNDECLARED_SELECTOR = YES;
				GCC_WARN_UNINITIALIZED_AUTOS = YES_AGGRESSIVE;
				GCC_WARN_UNUSED_FUNCTION = YES;
				GCC_WARN_UNUSED_VARIABLE = YES;
				MACOSX_DEPLOYMENT_TARGET = 14.0;
				MTL_ENABLE_DEBUG_INFO = INCLUDE_SOURCE;
				MTL_FAST_MATH = YES;
				ONLY_ACTIVE_ARCH = YES;
				PRODUCT_NAME = "$(TARGET_NAME)";
				SDKROOT = macosx;
				SWIFT_ACTIVE_COMPILATION_CONDITIONS = DEBUG;
				SWIFT_OPTIMIZATION_LEVEL = "-Onone";
				SWIFT_VERSION = 5.0;
			};
			name = Debug;
		};
		B0D58E0274223567DC9B02E0 /* Release */ = {
			isa = XCBuildConfiguration;
			buildSettings = {
				ALWAYS_SEARCH_USER_PATHS = NO;
				CLANG_ANALYZER_NONNULL = YES;
				CLANG_ANALYZER_NUMBER_OBJECT_CONVERSION = YES_AGGRESSIVE;
				CLANG_CXX_LANGUAGE_STANDARD = "gnu++14";
				CLANG_CXX_LIBRARY = "libc++";
				CLANG_ENABLE_MODULES = YES;
				CLANG_ENABLE_OBJC_ARC = YES;
				CLANG_ENABLE_OBJC_WEAK = YES;
				CLANG_WARN_BLOCK_CAPTURE_AUTORELEASING = YES;
				CLANG_WARN_BOOL_CONVERSION = YES;
				CLANG_WARN_COMMA = YES;
				CLANG_WARN_CONSTANT_CONVERSION = YES;
				CLANG_WARN_DEPRECATED_OBJC_IMPLEMENTATIONS = YES;
				CLANG_WARN_DIRECT_OBJC_ISA_USAGE = YES_ERROR;
				CLANG_WARN_DOCUMENTATION_COMMENTS = YES;
				CLANG_WARN_EMPTY_BODY = YES;
				CLANG_WARN_ENUM_CONVERSION = YES;
				CLANG_WARN_INFINITE_RECURSION = YES;
				CLANG_WARN_INT_CONVERSION = YES;
				CLANG_WARN_NON_LITERAL_NULL_CONVERSION = YES;
				CLANG_WARN_OBJC_IMPLICIT_RETAIN_SELF = YES;
				CLANG_WARN_OBJC_LITERAL_CONVERSION = YES;
				CLANG_WARN_OBJC_ROOT_CLASS = YES_ERROR;
				CLANG_WARN_QUOTED_INCLUDE_IN_FRAMEWORK_HEADER = YES;
				CLANG_WARN_RANGE_LOOP_ANALYSIS = YES;
				CLANG_WARN_STRICT_PROTOTYPES = YES;
				CLANG_WARN_SUSPICIOUS_MOVE = YES;
				CLANG_WARN_UNGUARDED_AVAILABILITY = YES_AGGRESSIVE;
				CLANG_WARN_UNREACHABLE_CODE = YES;
				CLANG_WARN__DUPLICATE_METHOD_MATCH = YES;
				COPY_PHASE_STRIP = NO;
				DEBUG_INFORMATION_FORMAT = "dwarf-with-dsym";
				ENABLE_NS_ASSERTIONS = NO;
				ENABLE_STRICT_OBJC_MSGSEND = YES;
				GCC_C_LANGUAGE_STANDARD = gnu11;
				GCC_NO_COMMON_BLOCKS = YES;
				GCC_WARN_64_TO_32_BIT_CONVERSION = YES;
				GCC_WARN_ABOUT_RETURN_TYPE = YES_ERROR;
				GCC_WARN_UNDECLARED_SELECTOR = YES;
				GCC_WARN_UNINITIALIZED_AUTOS = YES_AGGRESSIVE;
				GCC_WARN_UNUSED_FUNCTION = YES;
				GCC_WARN_UNUSED_VARIABLE = YES;
				MACOSX_DEPLOYMENT_TARGET = 14.0;
				MTL_ENABLE_DEBUG_INFO = NO;
				MTL_FAST_MATH = YES;
				PRODUCT_NAME = "$(TARGET_NAME)";
				SDKROOT = macosx;
				SWIFT_COMPILATION_MODE = wholemodule;
				SWIFT_OPTIMIZATION_LEVEL = "-O";
				SWIFT_VERSION = 5.0;
			};
			name = Release;
		};
/* End XCBuildConfiguration section */

/* Begin XCConfigurationList section */
		2A74D7219BE79BDC56147AF8 /* Build configuration list for PBXNativeTarget "EnoughBox" */ = {
			isa = XCConfigurationList;
			buildConfigurations = (
				2646FF215D805EE30B3393CD /* Debug */,
				549EC4D5C952F5DA660B3D98 /* Release */,
			);
			defaultConfigurationIsVisible = 0;
			defaultConfigurationName = Debug;
		};
		47F243947EE141DACE55A8BD /* Build configuration list for PBXProject "EnoughBox" */ = {
			isa = XCConfigurationList;
			buildConfigurations = (
				9AE8D0360059F0414B7BC125 /* Debug */,
				B0D58E0274223567DC9B02E0 /* Release */,
			);
			defaultConfigurationIsVisible = 0;
			defaultConfigurationName = Debug;
		};
/* End XCConfigurationList section */

/* Begin XCRemoteSwiftPackageReference section */
		62B8129A171C7D3964DBE560 /* XCRemoteSwiftPackageReference "KeyboardShortcuts" */ = {
			isa = XCRemoteSwiftPackageReference;
			repositoryURL = "https://github.com/sindresorhus/KeyboardShortcuts";
			requirement = {
				kind = upToNextMajorVersion;
				minimumVersion = 2.2.0;
			};
		};
/* End XCRemoteSwiftPackageReference section */

/* Begin XCSwiftPackageProductDependency section */
		13A24B873FA65BCCB6E801C3 /* KeyboardShortcuts */ = {
			isa = XCSwiftPackageProductDependency;
			package = 62B8129A171C7D3964DBE560 /* XCRemoteSwiftPackageReference "KeyboardShortcuts" */;
			productName = KeyboardShortcuts;
		};
/* End XCSwiftPackageProductDependency section */
	};
	rootObject = 80498AF53C921366B4FC032D /* Project object */;
}
